
Microsoft Visual Studio Solution File, Format Version 12.00
# Visual Studio Version 17
VisualStudioVersion = 17.12.35527.113
MinimumVisualStudioVersion = 10.0.40219.1
Project("{FAE04EC0-301F-11D3-BF4B-00C04F79EFBC}") = "Okala_CryptocurrencyWebApp", "Okala_CryptocurrencyWebApp\Okala_CryptocurrencyWebApp.csproj", "{0D12D95D-80BE-4662-96C4-9AB3F07456FE}"
EndProject
Project("{2150E333-8FDC-42A3-9474-1A3956D46DE8}") = "src", "src", "{5F84660F-6B5C-4869-82D6-D39BAED96126}"
EndProject
Project("{2150E333-8FDC-42A3-9474-1A3956D46DE8}") = "Test", "Test", "{25D61BD1-9538-490E-B2EC-5C0E2535F780}"
EndProject
Project("{FAE04EC0-301F-11D3-BF4B-00C04F79EFBC}") = "CryptocurrencyTestProject", "CryptocurrencyTestProject\CryptocurrencyTestProject.csproj", "{C10B2838-9BDC-45E5-9848-08357366465B}"
EndProject
Project("{2150E333-8FDC-42A3-9474-1A3956D46DE8}") = "Solution Items", "Solution Items", "{86448B41-ECFE-4B7E-93FD-607E46303791}"
	ProjectSection(SolutionItems) = preProject
		Answers_to_technical_questions.md = Answers_to_technical_questions.md
	EndProjectSection
EndProject
Project("{FAE04EC0-301F-11D3-BF4B-00C04F79EFBC}") = "OKala_CryptocurrencyDomain", "OKala_CryptocurrencyDomain\OKala_CryptocurrencyDomain.csproj", "{230A78C7-8E29-4962-8756-D11647D6415C}"
EndProject
Project("{2150E333-8FDC-42A3-9474-1A3956D46DE8}") = "Domain", "Domain", "{581905A1-5482-4757-B1DF-A284584FB42F}"
EndProject
Project("{2150E333-8FDC-42A3-9474-1A3956D46DE8}") = "Application", "Application", "{95AE5F69-EAAD-43D8-A907-65C84E3D2D4E}"
EndProject
Project("{2150E333-8FDC-42A3-9474-1A3956D46DE8}") = "Infrastructure", "Infrastructure", "{F9FAE08C-9772-49A4-8403-934109688542}"
EndProject
Project("{2150E333-8FDC-42A3-9474-1A3956D46DE8}") = "EndPoint", "EndPoint", "{6B1578DC-1E7A-4865-A9AD-BA3EB0EDCB30}"
EndProject
Project("{FAE04EC0-301F-11D3-BF4B-00C04F79EFBC}") = "OKala_CryptocurrencyApplication", "OKala_CryptocurrencyApplication\OKala_CryptocurrencyApplication.csproj", "{686E615F-7622-4FA8-8DB0-00AB78BA999C}"
EndProject
Project("{FAE04EC0-301F-11D3-BF4B-00C04F79EFBC}") = "OKala_CryptocurrencyInfrastructure", "OKala_CryptocurrencyInfrastructure\OKala_CryptocurrencyInfrastructure.csproj", "{44DC6275-6AA6-4967-B6B1-80939B0EC491}"
EndProject
Global
	GlobalSection(SolutionConfigurationPlatforms) = preSolution
		Debug|Any CPU = Debug|Any CPU
		Release|Any CPU = Release|Any CPU
	EndGlobalSection
	GlobalSection(ProjectConfigurationPlatforms) = postSolution
		{0D12D95D-80BE-4662-96C4-9AB3F07456FE}.Debug|Any CPU.ActiveCfg = Debug|Any CPU
		{0D12D95D-80BE-4662-96C4-9AB3F07456FE}.Debug|Any CPU.Build.0 = Debug|Any CPU
		{0D12D95D-80BE-4662-96C4-9AB3F07456FE}.Release|Any CPU.ActiveCfg = Release|Any CPU
		{0D12D95D-80BE-4662-96C4-9AB3F07456FE}.Release|Any CPU.Build.0 = Release|Any CPU
		{C10B2838-9BDC-45E5-9848-08357366465B}.Debug|Any CPU.ActiveCfg = Debug|Any CPU
		{C10B2838-9BDC-45E5-9848-08357366465B}.Debug|Any CPU.Build.0 = Debug|Any CPU
		{C10B2838-9BDC-45E5-9848-08357366465B}.Release|Any CPU.ActiveCfg = Release|Any CPU
		{C10B2838-9BDC-45E5-9848-08357366465B}.Release|Any CPU.Build.0 = Release|Any CPU
		{230A78C7-8E29-4962-8756-D11647D6415C}.Debug|Any CPU.ActiveCfg = Debug|Any CPU
		{230A78C7-8E29-4962-8756-D11647D6415C}.Debug|Any CPU.Build.0 = Debug|Any CPU
		{230A78C7-8E29-4962-8756-D11647D6415C}.Release|Any CPU.ActiveCfg = Release|Any CPU
		{230A78C7-8E29-4962-8756-D11647D6415C}.Release|Any CPU.Build.0 = Release|Any CPU
		{686E615F-7622-4FA8-8DB0-00AB78BA999C}.Debug|Any CPU.ActiveCfg = Debug|Any CPU
		{686E615F-7622-4FA8-8DB0-00AB78BA999C}.Debug|Any CPU.Build.0 = Debug|Any CPU
		{686E615F-7622-4FA8-8DB0-00AB78BA999C}.Release|Any CPU.ActiveCfg = Release|Any CPU
		{686E615F-7622-4FA8-8DB0-00AB78BA999C}.Release|Any CPU.Build.0 = Release|Any CPU
		{44DC6275-6AA6-4967-B6B1-80939B0EC491}.Debug|Any CPU.ActiveCfg = Debug|Any CPU
		{44DC6275-6AA6-4967-B6B1-80939B0EC491}.Debug|Any CPU.Build.0 = Debug|Any CPU
		{44DC6275-6AA6-4967-B6B1-80939B0EC491}.Release|Any CPU.ActiveCfg = Release|Any CPU
		{44DC6275-6AA6-4967-B6B1-80939B0EC491}.Release|Any CPU.Build.0 = Release|Any CPU
	EndGlobalSection
	GlobalSection(SolutionProperties) = preSolution
		HideSolutionNode = FALSE
	EndGlobalSection
	GlobalSection(NestedProjects) = preSolution
		{0D12D95D-80BE-4662-96C4-9AB3F07456FE} = {6B1578DC-1E7A-4865-A9AD-BA3EB0EDCB30}
		{C10B2838-9BDC-45E5-9848-08357366465B} = {25D61BD1-9538-490E-B2EC-5C0E2535F780}
		{230A78C7-8E29-4962-8756-D11647D6415C} = {581905A1-5482-4757-B1DF-A284584FB42F}
		{581905A1-5482-4757-B1DF-A284584FB42F} = {5F84660F-6B5C-4869-82D6-D39BAED96126}
		{95AE5F69-EAAD-43D8-A907-65C84E3D2D4E} = {5F84660F-6B5C-4869-82D6-D39BAED96126}
		{F9FAE08C-9772-49A4-8403-934109688542} = {5F84660F-6B5C-4869-82D6-D39BAED96126}
		{6B1578DC-1E7A-4865-A9AD-BA3EB0EDCB30} = {5F84660F-6B5C-4869-82D6-D39BAED96126}
		{686E615F-7622-4FA8-8DB0-00AB78BA999C} = {95AE5F69-EAAD-43D8-A907-65C84E3D2D4E}
		{44DC6275-6AA6-4967-B6B1-80939B0EC491} = {F9FAE08C-9772-49A4-8403-934109688542}
	EndGlobalSection
EndGlobal
